
Microsoft Visual Studio Solution File, Format Version 12.00
# Visual Studio 15
VisualStudioVersion = 15.0.28010.2019
MinimumVisualStudioVersion = 10.0.40219.1
Project("{8BC9CEB8-8B4A-11D0-8D11-00A0C91BC942}") = "20180911_helloworld", "20180911_helloworld\20180911_helloworld.vcxproj", "{FB3C1D87-FBF9-4931-B13D-348629CBB1C0}"
EndProject
Project("{8BC9CEB8-8B4A-11D0-8D11-00A0C91BC942}") = "20180911_Hello2", "20180911_Hello2\20180911_Hello2.vcxproj", "{7B1C94D1-DD15-485B-86E4-0041E82F834E}"
EndProject
Project("{8BC9CEB8-8B4A-11D0-8D11-00A0C91BC942}") = "20181002_변수자료형수식연산자조건문반복문", "20181002_변수자료형\20181002_변수자료형.vcxproj", "{6F0DFA96-7587-45B8-8564-99E7513BB821}"
EndProject
Project("{8BC9CEB8-8B4A-11D0-8D11-00A0C91BC942}") = "HW1-1", "HW1-1\HW1-1.vcxproj", "{A6A8F7F6-62B7-40AA-9983-A912AAE41C3B}"
EndProject
Project("{8BC9CEB8-8B4A-11D0-8D11-00A0C91BC942}") = "HW1-2", "HW1-2\HW1-2.vcxproj", "{B6B37F80-B526-4F5A-B119-095A4EE77883}"
EndProject
Project("{8BC9CEB8-8B4A-11D0-8D11-00A0C91BC942}") = "HW1-3", "HW1-3\HW1-3.vcxproj", "{C8513416-F569-4457-9D99-DB3204D8B4BD}"
EndProject
Project("{8BC9CEB8-8B4A-11D0-8D11-00A0C91BC942}") = "HW1-4", "HW1-4\HW1-4.vcxproj", "{4A47440B-8E6F-4C84-8144-56F0ADE1A790}"
EndProject
Project("{8BC9CEB8-8B4A-11D0-8D11-00A0C91BC942}") = "HW1-5", "HW1-5\HW1-5.vcxproj", "{0D33587F-89C0-4A8D-929C-0CDE1470E4BB}"
EndProject
Project("{8BC9CEB8-8B4A-11D0-8D11-00A0C91BC942}") = "HW1-6", "HW1-6\HW1-6.vcxproj", "{9243E4FA-9EE1-429E-922D-BAE650DBA8A9}"
EndProject
Global
	GlobalSection(SolutionConfigurationPlatforms) = preSolution
		Debug|x64 = Debug|x64
		Debug|x86 = Debug|x86
		Release|x64 = Release|x64
		Release|x86 = Release|x86
	EndGlobalSection
	GlobalSection(ProjectConfigurationPlatforms) = postSolution
		{FB3C1D87-FBF9-4931-B13D-348629CBB1C0}.Debug|x64.ActiveCfg = Debug|x64
		{FB3C1D87-FBF9-4931-B13D-348629CBB1C0}.Debug|x64.Build.0 = Debug|x64
		{FB3C1D87-FBF9-4931-B13D-348629CBB1C0}.Debug|x86.ActiveCfg = Debug|Win32
		{FB3C1D87-FBF9-4931-B13D-348629CBB1C0}.Debug|x86.Build.0 = Debug|Win32
		{FB3C1D87-FBF9-4931-B13D-348629CBB1C0}.Release|x64.ActiveCfg = Release|x64
		{FB3C1D87-FBF9-4931-B13D-348629CBB1C0}.Release|x64.Build.0 = Release|x64
		{FB3C1D87-FBF9-4931-B13D-348629CBB1C0}.Release|x86.ActiveCfg = Release|Win32
		{FB3C1D87-FBF9-4931-B13D-348629CBB1C0}.Release|x86.Build.0 = Release|Win32
		{7B1C94D1-DD15-485B-86E4-0041E82F834E}.Debug|x64.ActiveCfg = Debug|x64
		{7B1C94D1-DD15-485B-86E4-0041E82F834E}.Debug|x64.Build.0 = Debug|x64
		{7B1C94D1-DD15-485B-86E4-0041E82F834E}.Debug|x86.ActiveCfg = Debug|Win32
		{7B1C94D1-DD15-485B-86E4-0041E82F834E}.Debug|x86.Build.0 = Debug|Win32
		{7B1C94D1-DD15-485B-86E4-0041E82F834E}.Release|x64.ActiveCfg = Release|x64
		{7B1C94D1-DD15-485B-86E4-0041E82F834E}.Release|x64.Build.0 = Release|x64
		{7B1C94D1-DD15-485B-86E4-0041E82F834E}.Release|x86.ActiveCfg = Release|Win32
		{7B1C94D1-DD15-485B-86E4-0041E82F834E}.Release|x86.Build.0 = Release|Win32
		{6F0DFA96-7587-45B8-8564-99E7513BB821}.Debug|x64.ActiveCfg = Debug|x64
		{6F0DFA96-7587-45B8-8564-99E7513BB821}.Debug|x64.Build.0 = Debug|x64
		{6F0DFA96-7587-45B8-8564-99E7513BB821}.Debug|x86.ActiveCfg = Debug|Win32
		{6F0DFA96-7587-45B8-8564-99E7513BB821}.Debug|x86.Build.0 = Debug|Win32
		{6F0DFA96-7587-45B8-8564-99E7513BB821}.Release|x64.ActiveCfg = Release|x64
		{6F0DFA96-7587-45B8-8564-99E7513BB821}.Release|x64.Build.0 = Release|x64
		{6F0DFA96-7587-45B8-8564-99E7513BB821}.Release|x86.ActiveCfg = Release|Win32
		{6F0DFA96-7587-45B8-8564-99E7513BB821}.Release|x86.Build.0 = Release|Win32
		{A6A8F7F6-62B7-40AA-9983-A912AAE41C3B}.Debug|x64.ActiveCfg = Debug|x64
		{A6A8F7F6-62B7-40AA-9983-A912AAE41C3B}.Debug|x64.Build.0 = Debug|x64
		{A6A8F7F6-62B7-40AA-9983-A912AAE41C3B}.Debug|x86.ActiveCfg = Debug|Win32
		{A6A8F7F6-62B7-40AA-9983-A912AAE41C3B}.Debug|x86.Build.0 = Debug|Win32
		{A6A8F7F6-62B7-40AA-9983-A912AAE41C3B}.Release|x64.ActiveCfg = Release|x64
		{A6A8F7F6-62B7-40AA-9983-A912AAE41C3B}.Release|x64.Build.0 = Release|x64
		{A6A8F7F6-62B7-40AA-9983-A912AAE41C3B}.Release|x86.ActiveCfg = Release|Win32
		{A6A8F7F6-62B7-40AA-9983-A912AAE41C3B}.Release|x86.Build.0 = Release|Win32
		{B6B37F80-B526-4F5A-B119-095A4EE77883}.Debug|x64.ActiveCfg = Debug|x64
		{B6B37F80-B526-4F5A-B119-095A4EE77883}.Debug|x64.Build.0 = Debug|x64
		{B6B37F80-B526-4F5A-B119-095A4EE77883}.Debug|x86.ActiveCfg = Debug|Win32
		{B6B37F80-B526-4F5A-B119-095A4EE77883}.Debug|x86.Build.0 = Debug|Win32
		{B6B37F80-B526-4F5A-B119-095A4EE77883}.Release|x64.ActiveCfg = Release|x64
		{B6B37F80-B526-4F5A-B119-095A4EE77883}.Release|x64.Build.0 = Release|x64
		{B6B37F80-B526-4F5A-B119-095A4EE77883}.Release|x86.ActiveCfg = Release|Win32
		{B6B37F80-B526-4F5A-B119-095A4EE77883}.Release|x86.Build.0 = Release|Win32
		{C8513416-F569-4457-9D99-DB3204D8B4BD}.Debug|x64.ActiveCfg = Debug|x64
		{C8513416-F569-4457-9D99-DB3204D8B4BD}.Debug|x64.Build.0 = Debug|x64
		{C8513416-F569-4457-9D99-DB3204D8B4BD}.Debug|x86.ActiveCfg = Debug|Win32
		{C8513416-F569-4457-9D99-DB3204D8B4BD}.Debug|x86.Build.0 = Debug|Win32
		{C8513416-F569-4457-9D99-DB3204D8B4BD}.Release|x64.ActiveCfg = Release|x64
		{C8513416-F569-4457-9D99-DB3204D8B4BD}.Release|x64.Build.0 = Release|x64
		{C8513416-F569-4457-9D99-DB3204D8B4BD}.Release|x86.ActiveCfg = Release|Win32
		{C8513416-F569-4457-9D99-DB3204D8B4BD}.Release|x86.Build.0 = Release|Win32
		{4A47440B-8E6F-4C84-8144-56F0ADE1A790}.Debug|x64.ActiveCfg = Debug|x64
		{4A47440B-8E6F-4C84-8144-56F0ADE1A790}.Debug|x64.Build.0 = Debug|x64
		{4A47440B-8E6F-4C84-8144-56F0ADE1A790}.Debug|x86.ActiveCfg = Debug|Win32
		{4A47440B-8E6F-4C84-8144-56F0ADE1A790}.Debug|x86.Build.0 = Debug|Win32
		{4A47440B-8E6F-4C84-8144-56F0ADE1A790}.Release|x64.ActiveCfg = Release|x64
		{4A47440B-8E6F-4C84-8144-56F0ADE1A790}.Release|x64.Build.0 = Release|x64
		{4A47440B-8E6F-4C84-8144-56F0ADE1A790}.Release|x86.ActiveCfg = Release|Win32
		{4A47440B-8E6F-4C84-8144-56F0ADE1A790}.Release|x86.Build.0 = Release|Win32
		{0D33587F-89C0-4A8D-929C-0CDE1470E4BB}.Debug|x64.ActiveCfg = Debug|x64
		{0D33587F-89C0-4A8D-929C-0CDE1470E4BB}.Debug|x64.Build.0 = Debug|x64
		{0D33587F-89C0-4A8D-929C-0CDE1470E4BB}.Debug|x86.ActiveCfg = Debug|Win32
		{0D33587F-89C0-4A8D-929C-0CDE1470E4BB}.Debug|x86.Build.0 = Debug|Win32
		{0D33587F-89C0-4A8D-929C-0CDE1470E4BB}.Release|x64.ActiveCfg = Release|x64
		{0D33587F-89C0-4A8D-929C-0CDE1470E4BB}.Release|x64.Build.0 = Release|x64
		{0D33587F-89C0-4A8D-929C-0CDE1470E4BB}.Release|x86.ActiveCfg = Release|Win32
		{0D33587F-89C0-4A8D-929C-0CDE1470E4BB}.Release|x86.Build.0 = Release|Win32
		{9243E4FA-9EE1-429E-922D-BAE650DBA8A9}.Debug|x64.ActiveCfg = Debug|x64
		{9243E4FA-9EE1-429E-922D-BAE650DBA8A9}.Debug|x64.Build.0 = Debug|x64
		{9243E4FA-9EE1-429E-922D-BAE650DBA8A9}.Debug|x86.ActiveCfg = Debug|Win32
		{9243E4FA-9EE1-429E-922D-BAE650DBA8A9}.Debug|x86.Build.0 = Debug|Win32
		{9243E4FA-9EE1-429E-922D-BAE650DBA8A9}.Release|x64.ActiveCfg = Release|x64
		{9243E4FA-9EE1-429E-922D-BAE650DBA8A9}.Release|x64.Build.0 = Release|x64
		{9243E4FA-9EE1-429E-922D-BAE650DBA8A9}.Release|x86.ActiveCfg = Release|Win32
		{9243E4FA-9EE1-429E-922D-BAE650DBA8A9}.Release|x86.Build.0 = Release|Win32
	EndGlobalSection
	GlobalSection(SolutionProperties) = preSolution
		HideSolutionNode = FALSE
	EndGlobalSection
	GlobalSection(ExtensibilityGlobals) = postSolution
		SolutionGuid = {8F359775-D594-42F9-A2C3-8DBA643C0A62}
	EndGlobalSection
EndGlobal
