
Microsoft Visual Studio Solution File, Format Version 12.00
# Visual Studio 15
VisualStudioVersion = 15.0.28010.2019
MinimumVisualStudioVersion = 10.0.40219.1
Project("{8BC9CEB8-8B4A-11D0-8D11-00A0C91BC942}") = "20180911_helloworld", "20180911_helloworld\20180911_helloworld.vcxproj", "{FB3C1D87-FBF9-4931-B13D-348629CBB1C0}"
EndProject
Project("{8BC9CEB8-8B4A-11D0-8D11-00A0C91BC942}") = "20180911_Hello2", "20180911_Hello2\20180911_Hello2.vcxproj", "{7B1C94D1-DD15-485B-86E4-0041E82F834E}"
EndProject
Project("{8BC9CEB8-8B4A-11D0-8D11-00A0C91BC942}") = "20181002_변수자료형수식연산자조건문반복문", "20181002_변수자료형\20181002_변수자료형.vcxproj", "{6F0DFA96-7587-45B8-8564-99E7513BB821}"
EndProject
Project("{8BC9CEB8-8B4A-11D0-8D11-00A0C91BC942}") = "HW1-1", "HW1-1\HW1-1.vcxproj", "{A6A8F7F6-62B7-40AA-9983-A912AAE41C3B}"
EndProject
Project("{8BC9CEB8-8B4A-11D0-8D11-00A0C91BC942}") = "HW1-2", "HW1-2\HW1-2.vcxproj", "{B6B37F80-B526-4F5A-B119-095A4EE77883}"
EndProject
Project("{8BC9CEB8-8B4A-11D0-8D11-00A0C91BC942}") = "HW1-3", "HW1-3\HW1-3.vcxproj", "{C8513416-F569-4457-9D99-DB3204D8B4BD}"
EndProject
Project("{8BC9CEB8-8B4A-11D0-8D11-00A0C91BC942}") = "HW1-4", "HW1-4\HW1-4.vcxproj", "{4A47440B-8E6F-4C84-8144-56F0ADE1A790}"
EndProject
Project("{8BC9CEB8-8B4A-11D0-8D11-00A0C91BC942}") = "HW1-5", "HW1-5\HW1-5.vcxproj", "{0D33587F-89C0-4A8D-929C-0CDE1470E4BB}"
EndProject
Project("{8BC9CEB8-8B4A-11D0-8D11-00A0C91BC942}") = "HW1-6", "HW1-6\HW1-6.vcxproj", "{9243E4FA-9EE1-429E-922D-BAE650DBA8A9}"
EndProject
Project("{8BC9CEB8-8B4A-11D0-8D11-00A0C91BC942}") = "20181016_반복문", "20181016_반복문\20181016_반복문.vcxproj", "{6A2F9E5E-F82A-4A33-AF00-F7587E7DCB8B}"
EndProject
Project("{8BC9CEB8-8B4A-11D0-8D11-00A0C91BC942}") = "HW2-01", "HW2-01\HW2-01.vcxproj", "{6B464630-6C0D-49BD-9F43-843E6C6B4169}"
EndProject
Project("{8BC9CEB8-8B4A-11D0-8D11-00A0C91BC942}") = "HW2-02", "HW2-02\HW2-02.vcxproj", "{30624F5D-3F5B-401E-918B-995A939E7B0A}"
EndProject
Project("{8BC9CEB8-8B4A-11D0-8D11-00A0C91BC942}") = "HW2-03", "HW2-03\HW2-03.vcxproj", "{E61E5B1C-AE62-44A0-94E9-6D6A6CEEA1C4}"
EndProject
Project("{8BC9CEB8-8B4A-11D0-8D11-00A0C91BC942}") = "HW2-04", "HW2-04\HW2-04.vcxproj", "{5650EAD1-2855-4FF1-8388-F39D3DA0EC64}"
EndProject
Project("{8BC9CEB8-8B4A-11D0-8D11-00A0C91BC942}") = "HW2-05", "HW2-05\HW2-05.vcxproj", "{4BE60F5D-D73C-40B2-A069-36B0E02E99BD}"
EndProject
Project("{8BC9CEB8-8B4A-11D0-8D11-00A0C91BC942}") = "HW2-06", "HW2-06\HW2-06.vcxproj", "{5FF6E90D-34A9-46D0-B195-E9C7A86C5905}"
EndProject
Project("{8BC9CEB8-8B4A-11D0-8D11-00A0C91BC942}") = "HW2-07", "HW2-07\HW2-07.vcxproj", "{5C1B6DE5-2177-4EF4-B2AF-13568E524EFA}"
EndProject
Project("{8BC9CEB8-8B4A-11D0-8D11-00A0C91BC942}") = "HW2-08", "HW2-08\HW2-08.vcxproj", "{160F20B9-6125-47FE-880C-2832E16488CE}"
EndProject
Project("{8BC9CEB8-8B4A-11D0-8D11-00A0C91BC942}") = "HW2-09", "HW2-09\HW2-09.vcxproj", "{E58C618A-560E-43FE-81FB-FB6D6FF4DF47}"
EndProject
Project("{8BC9CEB8-8B4A-11D0-8D11-00A0C91BC942}") = "HW2-10", "HW2-10\HW2-10.vcxproj", "{13511128-22CC-4E96-B1F7-FA0045CD627E}"
EndProject
Project("{8BC9CEB8-8B4A-11D0-8D11-00A0C91BC942}") = "HW2-11", "HW2-11\HW2-11.vcxproj", "{438D73C9-BBEE-4552-AC30-3CAF9E5504E0}"
EndProject
Project("{8BC9CEB8-8B4A-11D0-8D11-00A0C91BC942}") = "HW2-12", "HW2-12\HW2-12.vcxproj", "{227D1326-63DD-46F6-9798-0B01C569BA1D}"
EndProject
Project("{8BC9CEB8-8B4A-11D0-8D11-00A0C91BC942}") = "HW2-13", "HW2-13\HW2-13.vcxproj", "{B29678E1-64C7-4511-8010-F494E131E019}"
EndProject
Project("{8BC9CEB8-8B4A-11D0-8D11-00A0C91BC942}") = "HW2-14", "HW2-14\HW2-14.vcxproj", "{92156EA2-187B-4BA3-A346-A75AF1C345EF}"
EndProject
Project("{8BC9CEB8-8B4A-11D0-8D11-00A0C91BC942}") = "HW2-15", "HW2-15\HW2-15.vcxproj", "{DE255A13-0983-4577-8FB0-2B0E9CE84DD0}"
EndProject
Project("{8BC9CEB8-8B4A-11D0-8D11-00A0C91BC942}") = "HW2-16", "HW2-16\HW2-16.vcxproj", "{C8C68885-A205-49F3-8818-C649EF6E09F5}"
EndProject
Project("{8BC9CEB8-8B4A-11D0-8D11-00A0C91BC942}") = "HW2-17", "HW2-17\HW2-17.vcxproj", "{F957C28E-5576-4993-A3A2-E13547F7004C}"
EndProject
Project("{8BC9CEB8-8B4A-11D0-8D11-00A0C91BC942}") = "HW2-18", "HW2-18\HW2-18.vcxproj", "{A068A85B-6AC1-415C-834D-8B7861476D11}"
EndProject
Project("{8BC9CEB8-8B4A-11D0-8D11-00A0C91BC942}") = "HW2-19", "HW2-19\HW2-19.vcxproj", "{04DFB5E6-F383-4CFD-9163-3AA43F45A1C8}"
EndProject
Project("{8BC9CEB8-8B4A-11D0-8D11-00A0C91BC942}") = "HW2-20", "HW2-20\HW2-20.vcxproj", "{C5A32C11-AD1A-4F03-B80A-F5827875ACEF}"
EndProject
Project("{8BC9CEB8-8B4A-11D0-8D11-00A0C91BC942}") = "HW2-21", "HW2-21\HW2-21.vcxproj", "{25A042FE-234B-4490-B0BE-F41C72F6C8C6}"
EndProject
Project("{8BC9CEB8-8B4A-11D0-8D11-00A0C91BC942}") = "HW2-22", "HW2-22\HW2-22.vcxproj", "{A4F3C8FB-CBBC-4E57-B776-A26A1FA55170}"
EndProject
Project("{8BC9CEB8-8B4A-11D0-8D11-00A0C91BC942}") = "HW2-23", "HW2-23\HW2-23.vcxproj", "{2F60A92A-0C31-4EC0-A61F-86F0350B4B6B}"
EndProject
Project("{8BC9CEB8-8B4A-11D0-8D11-00A0C91BC942}") = "HW2-24", "HW2-24\HW2-24.vcxproj", "{56274BCE-626A-461F-BB95-6F30F267F068}"
EndProject
Project("{8BC9CEB8-8B4A-11D0-8D11-00A0C91BC942}") = "HW2-25", "HW2-25\HW2-25.vcxproj", "{2CAF8758-EF31-4C7F-9FE7-94DD2D722EBA}"
EndProject
Project("{8BC9CEB8-8B4A-11D0-8D11-00A0C91BC942}") = "20181023_1_for반복문", "20181023_for반복문\20181023_for반복문.vcxproj", "{93C0276B-734E-4561-8FA4-0E5674FEE197}"
EndProject
Project("{8BC9CEB8-8B4A-11D0-8D11-00A0C91BC942}") = "20181023_2_함수", "20181023_2_함수\20181023_2_함수.vcxproj", "{35EBEA38-1EE9-4870-916E-0A2F25CAD3A4}"
EndProject
Global
	GlobalSection(SolutionConfigurationPlatforms) = preSolution
		Debug|x64 = Debug|x64
		Debug|x86 = Debug|x86
		Release|x64 = Release|x64
		Release|x86 = Release|x86
	EndGlobalSection
	GlobalSection(ProjectConfigurationPlatforms) = postSolution
		{FB3C1D87-FBF9-4931-B13D-348629CBB1C0}.Debug|x64.ActiveCfg = Debug|x64
		{FB3C1D87-FBF9-4931-B13D-348629CBB1C0}.Debug|x64.Build.0 = Debug|x64
		{FB3C1D87-FBF9-4931-B13D-348629CBB1C0}.Debug|x86.ActiveCfg = Debug|Win32
		{FB3C1D87-FBF9-4931-B13D-348629CBB1C0}.Debug|x86.Build.0 = Debug|Win32
		{FB3C1D87-FBF9-4931-B13D-348629CBB1C0}.Release|x64.ActiveCfg = Release|x64
		{FB3C1D87-FBF9-4931-B13D-348629CBB1C0}.Release|x64.Build.0 = Release|x64
		{FB3C1D87-FBF9-4931-B13D-348629CBB1C0}.Release|x86.ActiveCfg = Release|Win32
		{FB3C1D87-FBF9-4931-B13D-348629CBB1C0}.Release|x86.Build.0 = Release|Win32
		{7B1C94D1-DD15-485B-86E4-0041E82F834E}.Debug|x64.ActiveCfg = Debug|x64
		{7B1C94D1-DD15-485B-86E4-0041E82F834E}.Debug|x64.Build.0 = Debug|x64
		{7B1C94D1-DD15-485B-86E4-0041E82F834E}.Debug|x86.ActiveCfg = Debug|Win32
		{7B1C94D1-DD15-485B-86E4-0041E82F834E}.Debug|x86.Build.0 = Debug|Win32
		{7B1C94D1-DD15-485B-86E4-0041E82F834E}.Release|x64.ActiveCfg = Release|x64
		{7B1C94D1-DD15-485B-86E4-0041E82F834E}.Release|x64.Build.0 = Release|x64
		{7B1C94D1-DD15-485B-86E4-0041E82F834E}.Release|x86.ActiveCfg = Release|Win32
		{7B1C94D1-DD15-485B-86E4-0041E82F834E}.Release|x86.Build.0 = Release|Win32
		{6F0DFA96-7587-45B8-8564-99E7513BB821}.Debug|x64.ActiveCfg = Debug|x64
		{6F0DFA96-7587-45B8-8564-99E7513BB821}.Debug|x64.Build.0 = Debug|x64
		{6F0DFA96-7587-45B8-8564-99E7513BB821}.Debug|x86.ActiveCfg = Debug|Win32
		{6F0DFA96-7587-45B8-8564-99E7513BB821}.Debug|x86.Build.0 = Debug|Win32
		{6F0DFA96-7587-45B8-8564-99E7513BB821}.Release|x64.ActiveCfg = Release|x64
		{6F0DFA96-7587-45B8-8564-99E7513BB821}.Release|x64.Build.0 = Release|x64
		{6F0DFA96-7587-45B8-8564-99E7513BB821}.Release|x86.ActiveCfg = Release|Win32
		{6F0DFA96-7587-45B8-8564-99E7513BB821}.Release|x86.Build.0 = Release|Win32
		{A6A8F7F6-62B7-40AA-9983-A912AAE41C3B}.Debug|x64.ActiveCfg = Debug|x64
		{A6A8F7F6-62B7-40AA-9983-A912AAE41C3B}.Debug|x64.Build.0 = Debug|x64
		{A6A8F7F6-62B7-40AA-9983-A912AAE41C3B}.Debug|x86.ActiveCfg = Debug|Win32
		{A6A8F7F6-62B7-40AA-9983-A912AAE41C3B}.Debug|x86.Build.0 = Debug|Win32
		{A6A8F7F6-62B7-40AA-9983-A912AAE41C3B}.Release|x64.ActiveCfg = Release|x64
		{A6A8F7F6-62B7-40AA-9983-A912AAE41C3B}.Release|x64.Build.0 = Release|x64
		{A6A8F7F6-62B7-40AA-9983-A912AAE41C3B}.Release|x86.ActiveCfg = Release|Win32
		{A6A8F7F6-62B7-40AA-9983-A912AAE41C3B}.Release|x86.Build.0 = Release|Win32
		{B6B37F80-B526-4F5A-B119-095A4EE77883}.Debug|x64.ActiveCfg = Debug|x64
		{B6B37F80-B526-4F5A-B119-095A4EE77883}.Debug|x64.Build.0 = Debug|x64
		{B6B37F80-B526-4F5A-B119-095A4EE77883}.Debug|x86.ActiveCfg = Debug|Win32
		{B6B37F80-B526-4F5A-B119-095A4EE77883}.Debug|x86.Build.0 = Debug|Win32
		{B6B37F80-B526-4F5A-B119-095A4EE77883}.Release|x64.ActiveCfg = Release|x64
		{B6B37F80-B526-4F5A-B119-095A4EE77883}.Release|x64.Build.0 = Release|x64
		{B6B37F80-B526-4F5A-B119-095A4EE77883}.Release|x86.ActiveCfg = Release|Win32
		{B6B37F80-B526-4F5A-B119-095A4EE77883}.Release|x86.Build.0 = Release|Win32
		{C8513416-F569-4457-9D99-DB3204D8B4BD}.Debug|x64.ActiveCfg = Debug|x64
		{C8513416-F569-4457-9D99-DB3204D8B4BD}.Debug|x64.Build.0 = Debug|x64
		{C8513416-F569-4457-9D99-DB3204D8B4BD}.Debug|x86.ActiveCfg = Debug|Win32
		{C8513416-F569-4457-9D99-DB3204D8B4BD}.Debug|x86.Build.0 = Debug|Win32
		{C8513416-F569-4457-9D99-DB3204D8B4BD}.Release|x64.ActiveCfg = Release|x64
		{C8513416-F569-4457-9D99-DB3204D8B4BD}.Release|x64.Build.0 = Release|x64
		{C8513416-F569-4457-9D99-DB3204D8B4BD}.Release|x86.ActiveCfg = Release|Win32
		{C8513416-F569-4457-9D99-DB3204D8B4BD}.Release|x86.Build.0 = Release|Win32
		{4A47440B-8E6F-4C84-8144-56F0ADE1A790}.Debug|x64.ActiveCfg = Debug|x64
		{4A47440B-8E6F-4C84-8144-56F0ADE1A790}.Debug|x64.Build.0 = Debug|x64
		{4A47440B-8E6F-4C84-8144-56F0ADE1A790}.Debug|x86.ActiveCfg = Debug|Win32
		{4A47440B-8E6F-4C84-8144-56F0ADE1A790}.Debug|x86.Build.0 = Debug|Win32
		{4A47440B-8E6F-4C84-8144-56F0ADE1A790}.Release|x64.ActiveCfg = Release|x64
		{4A47440B-8E6F-4C84-8144-56F0ADE1A790}.Release|x64.Build.0 = Release|x64
		{4A47440B-8E6F-4C84-8144-56F0ADE1A790}.Release|x86.ActiveCfg = Release|Win32
		{4A47440B-8E6F-4C84-8144-56F0ADE1A790}.Release|x86.Build.0 = Release|Win32
		{0D33587F-89C0-4A8D-929C-0CDE1470E4BB}.Debug|x64.ActiveCfg = Debug|x64
		{0D33587F-89C0-4A8D-929C-0CDE1470E4BB}.Debug|x64.Build.0 = Debug|x64
		{0D33587F-89C0-4A8D-929C-0CDE1470E4BB}.Debug|x86.ActiveCfg = Debug|Win32
		{0D33587F-89C0-4A8D-929C-0CDE1470E4BB}.Debug|x86.Build.0 = Debug|Win32
		{0D33587F-89C0-4A8D-929C-0CDE1470E4BB}.Release|x64.ActiveCfg = Release|x64
		{0D33587F-89C0-4A8D-929C-0CDE1470E4BB}.Release|x64.Build.0 = Release|x64
		{0D33587F-89C0-4A8D-929C-0CDE1470E4BB}.Release|x86.ActiveCfg = Release|Win32
		{0D33587F-89C0-4A8D-929C-0CDE1470E4BB}.Release|x86.Build.0 = Release|Win32
		{9243E4FA-9EE1-429E-922D-BAE650DBA8A9}.Debug|x64.ActiveCfg = Debug|x64
		{9243E4FA-9EE1-429E-922D-BAE650DBA8A9}.Debug|x64.Build.0 = Debug|x64
		{9243E4FA-9EE1-429E-922D-BAE650DBA8A9}.Debug|x86.ActiveCfg = Debug|Win32
		{9243E4FA-9EE1-429E-922D-BAE650DBA8A9}.Debug|x86.Build.0 = Debug|Win32
		{9243E4FA-9EE1-429E-922D-BAE650DBA8A9}.Release|x64.ActiveCfg = Release|x64
		{9243E4FA-9EE1-429E-922D-BAE650DBA8A9}.Release|x64.Build.0 = Release|x64
		{9243E4FA-9EE1-429E-922D-BAE650DBA8A9}.Release|x86.ActiveCfg = Release|Win32
		{9243E4FA-9EE1-429E-922D-BAE650DBA8A9}.Release|x86.Build.0 = Release|Win32
		{6A2F9E5E-F82A-4A33-AF00-F7587E7DCB8B}.Debug|x64.ActiveCfg = Debug|x64
		{6A2F9E5E-F82A-4A33-AF00-F7587E7DCB8B}.Debug|x64.Build.0 = Debug|x64
		{6A2F9E5E-F82A-4A33-AF00-F7587E7DCB8B}.Debug|x86.ActiveCfg = Debug|Win32
		{6A2F9E5E-F82A-4A33-AF00-F7587E7DCB8B}.Debug|x86.Build.0 = Debug|Win32
		{6A2F9E5E-F82A-4A33-AF00-F7587E7DCB8B}.Release|x64.ActiveCfg = Release|x64
		{6A2F9E5E-F82A-4A33-AF00-F7587E7DCB8B}.Release|x64.Build.0 = Release|x64
		{6A2F9E5E-F82A-4A33-AF00-F7587E7DCB8B}.Release|x86.ActiveCfg = Release|Win32
		{6A2F9E5E-F82A-4A33-AF00-F7587E7DCB8B}.Release|x86.Build.0 = Release|Win32
		{6B464630-6C0D-49BD-9F43-843E6C6B4169}.Debug|x64.ActiveCfg = Debug|x64
		{6B464630-6C0D-49BD-9F43-843E6C6B4169}.Debug|x64.Build.0 = Debug|x64
		{6B464630-6C0D-49BD-9F43-843E6C6B4169}.Debug|x86.ActiveCfg = Debug|Win32
		{6B464630-6C0D-49BD-9F43-843E6C6B4169}.Debug|x86.Build.0 = Debug|Win32
		{6B464630-6C0D-49BD-9F43-843E6C6B4169}.Release|x64.ActiveCfg = Release|x64
		{6B464630-6C0D-49BD-9F43-843E6C6B4169}.Release|x64.Build.0 = Release|x64
		{6B464630-6C0D-49BD-9F43-843E6C6B4169}.Release|x86.ActiveCfg = Release|Win32
		{6B464630-6C0D-49BD-9F43-843E6C6B4169}.Release|x86.Build.0 = Release|Win32
		{30624F5D-3F5B-401E-918B-995A939E7B0A}.Debug|x64.ActiveCfg = Debug|x64
		{30624F5D-3F5B-401E-918B-995A939E7B0A}.Debug|x64.Build.0 = Debug|x64
		{30624F5D-3F5B-401E-918B-995A939E7B0A}.Debug|x86.ActiveCfg = Debug|Win32
		{30624F5D-3F5B-401E-918B-995A939E7B0A}.Debug|x86.Build.0 = Debug|Win32
		{30624F5D-3F5B-401E-918B-995A939E7B0A}.Release|x64.ActiveCfg = Release|x64
		{30624F5D-3F5B-401E-918B-995A939E7B0A}.Release|x64.Build.0 = Release|x64
		{30624F5D-3F5B-401E-918B-995A939E7B0A}.Release|x86.ActiveCfg = Release|Win32
		{30624F5D-3F5B-401E-918B-995A939E7B0A}.Release|x86.Build.0 = Release|Win32
		{E61E5B1C-AE62-44A0-94E9-6D6A6CEEA1C4}.Debug|x64.ActiveCfg = Debug|x64
		{E61E5B1C-AE62-44A0-94E9-6D6A6CEEA1C4}.Debug|x64.Build.0 = Debug|x64
		{E61E5B1C-AE62-44A0-94E9-6D6A6CEEA1C4}.Debug|x86.ActiveCfg = Debug|Win32
		{E61E5B1C-AE62-44A0-94E9-6D6A6CEEA1C4}.Debug|x86.Build.0 = Debug|Win32
		{E61E5B1C-AE62-44A0-94E9-6D6A6CEEA1C4}.Release|x64.ActiveCfg = Release|x64
		{E61E5B1C-AE62-44A0-94E9-6D6A6CEEA1C4}.Release|x64.Build.0 = Release|x64
		{E61E5B1C-AE62-44A0-94E9-6D6A6CEEA1C4}.Release|x86.ActiveCfg = Release|Win32
		{E61E5B1C-AE62-44A0-94E9-6D6A6CEEA1C4}.Release|x86.Build.0 = Release|Win32
		{5650EAD1-2855-4FF1-8388-F39D3DA0EC64}.Debug|x64.ActiveCfg = Debug|x64
		{5650EAD1-2855-4FF1-8388-F39D3DA0EC64}.Debug|x64.Build.0 = Debug|x64
		{5650EAD1-2855-4FF1-8388-F39D3DA0EC64}.Debug|x86.ActiveCfg = Debug|Win32
		{5650EAD1-2855-4FF1-8388-F39D3DA0EC64}.Debug|x86.Build.0 = Debug|Win32
		{5650EAD1-2855-4FF1-8388-F39D3DA0EC64}.Release|x64.ActiveCfg = Release|x64
		{5650EAD1-2855-4FF1-8388-F39D3DA0EC64}.Release|x64.Build.0 = Release|x64
		{5650EAD1-2855-4FF1-8388-F39D3DA0EC64}.Release|x86.ActiveCfg = Release|Win32
		{5650EAD1-2855-4FF1-8388-F39D3DA0EC64}.Release|x86.Build.0 = Release|Win32
		{4BE60F5D-D73C-40B2-A069-36B0E02E99BD}.Debug|x64.ActiveCfg = Debug|x64
		{4BE60F5D-D73C-40B2-A069-36B0E02E99BD}.Debug|x64.Build.0 = Debug|x64
		{4BE60F5D-D73C-40B2-A069-36B0E02E99BD}.Debug|x86.ActiveCfg = Debug|Win32
		{4BE60F5D-D73C-40B2-A069-36B0E02E99BD}.Debug|x86.Build.0 = Debug|Win32
		{4BE60F5D-D73C-40B2-A069-36B0E02E99BD}.Release|x64.ActiveCfg = Release|x64
		{4BE60F5D-D73C-40B2-A069-36B0E02E99BD}.Release|x64.Build.0 = Release|x64
		{4BE60F5D-D73C-40B2-A069-36B0E02E99BD}.Release|x86.ActiveCfg = Release|Win32
		{4BE60F5D-D73C-40B2-A069-36B0E02E99BD}.Release|x86.Build.0 = Release|Win32
		{5FF6E90D-34A9-46D0-B195-E9C7A86C5905}.Debug|x64.ActiveCfg = Debug|x64
		{5FF6E90D-34A9-46D0-B195-E9C7A86C5905}.Debug|x64.Build.0 = Debug|x64
		{5FF6E90D-34A9-46D0-B195-E9C7A86C5905}.Debug|x86.ActiveCfg = Debug|Win32
		{5FF6E90D-34A9-46D0-B195-E9C7A86C5905}.Debug|x86.Build.0 = Debug|Win32
		{5FF6E90D-34A9-46D0-B195-E9C7A86C5905}.Release|x64.ActiveCfg = Release|x64
		{5FF6E90D-34A9-46D0-B195-E9C7A86C5905}.Release|x64.Build.0 = Release|x64
		{5FF6E90D-34A9-46D0-B195-E9C7A86C5905}.Release|x86.ActiveCfg = Release|Win32
		{5FF6E90D-34A9-46D0-B195-E9C7A86C5905}.Release|x86.Build.0 = Release|Win32
		{5C1B6DE5-2177-4EF4-B2AF-13568E524EFA}.Debug|x64.ActiveCfg = Debug|x64
		{5C1B6DE5-2177-4EF4-B2AF-13568E524EFA}.Debug|x64.Build.0 = Debug|x64
		{5C1B6DE5-2177-4EF4-B2AF-13568E524EFA}.Debug|x86.ActiveCfg = Debug|Win32
		{5C1B6DE5-2177-4EF4-B2AF-13568E524EFA}.Debug|x86.Build.0 = Debug|Win32
		{5C1B6DE5-2177-4EF4-B2AF-13568E524EFA}.Release|x64.ActiveCfg = Release|x64
		{5C1B6DE5-2177-4EF4-B2AF-13568E524EFA}.Release|x64.Build.0 = Release|x64
		{5C1B6DE5-2177-4EF4-B2AF-13568E524EFA}.Release|x86.ActiveCfg = Release|Win32
		{5C1B6DE5-2177-4EF4-B2AF-13568E524EFA}.Release|x86.Build.0 = Release|Win32
		{160F20B9-6125-47FE-880C-2832E16488CE}.Debug|x64.ActiveCfg = Debug|x64
		{160F20B9-6125-47FE-880C-2832E16488CE}.Debug|x64.Build.0 = Debug|x64
		{160F20B9-6125-47FE-880C-2832E16488CE}.Debug|x86.ActiveCfg = Debug|Win32
		{160F20B9-6125-47FE-880C-2832E16488CE}.Debug|x86.Build.0 = Debug|Win32
		{160F20B9-6125-47FE-880C-2832E16488CE}.Release|x64.ActiveCfg = Release|x64
		{160F20B9-6125-47FE-880C-2832E16488CE}.Release|x64.Build.0 = Release|x64
		{160F20B9-6125-47FE-880C-2832E16488CE}.Release|x86.ActiveCfg = Release|Win32
		{160F20B9-6125-47FE-880C-2832E16488CE}.Release|x86.Build.0 = Release|Win32
		{E58C618A-560E-43FE-81FB-FB6D6FF4DF47}.Debug|x64.ActiveCfg = Debug|x64
		{E58C618A-560E-43FE-81FB-FB6D6FF4DF47}.Debug|x64.Build.0 = Debug|x64
		{E58C618A-560E-43FE-81FB-FB6D6FF4DF47}.Debug|x86.ActiveCfg = Debug|Win32
		{E58C618A-560E-43FE-81FB-FB6D6FF4DF47}.Debug|x86.Build.0 = Debug|Win32
		{E58C618A-560E-43FE-81FB-FB6D6FF4DF47}.Release|x64.ActiveCfg = Release|x64
		{E58C618A-560E-43FE-81FB-FB6D6FF4DF47}.Release|x64.Build.0 = Release|x64
		{E58C618A-560E-43FE-81FB-FB6D6FF4DF47}.Release|x86.ActiveCfg = Release|Win32
		{E58C618A-560E-43FE-81FB-FB6D6FF4DF47}.Release|x86.Build.0 = Release|Win32
		{13511128-22CC-4E96-B1F7-FA0045CD627E}.Debug|x64.ActiveCfg = Debug|x64
		{13511128-22CC-4E96-B1F7-FA0045CD627E}.Debug|x64.Build.0 = Debug|x64
		{13511128-22CC-4E96-B1F7-FA0045CD627E}.Debug|x86.ActiveCfg = Debug|Win32
		{13511128-22CC-4E96-B1F7-FA0045CD627E}.Debug|x86.Build.0 = Debug|Win32
		{13511128-22CC-4E96-B1F7-FA0045CD627E}.Release|x64.ActiveCfg = Release|x64
		{13511128-22CC-4E96-B1F7-FA0045CD627E}.Release|x64.Build.0 = Release|x64
		{13511128-22CC-4E96-B1F7-FA0045CD627E}.Release|x86.ActiveCfg = Release|Win32
		{13511128-22CC-4E96-B1F7-FA0045CD627E}.Release|x86.Build.0 = Release|Win32
		{438D73C9-BBEE-4552-AC30-3CAF9E5504E0}.Debug|x64.ActiveCfg = Debug|x64
		{438D73C9-BBEE-4552-AC30-3CAF9E5504E0}.Debug|x64.Build.0 = Debug|x64
		{438D73C9-BBEE-4552-AC30-3CAF9E5504E0}.Debug|x86.ActiveCfg = Debug|Win32
		{438D73C9-BBEE-4552-AC30-3CAF9E5504E0}.Debug|x86.Build.0 = Debug|Win32
		{438D73C9-BBEE-4552-AC30-3CAF9E5504E0}.Release|x64.ActiveCfg = Release|x64
		{438D73C9-BBEE-4552-AC30-3CAF9E5504E0}.Release|x64.Build.0 = Release|x64
		{438D73C9-BBEE-4552-AC30-3CAF9E5504E0}.Release|x86.ActiveCfg = Release|Win32
		{438D73C9-BBEE-4552-AC30-3CAF9E5504E0}.Release|x86.Build.0 = Release|Win32
		{227D1326-63DD-46F6-9798-0B01C569BA1D}.Debug|x64.ActiveCfg = Debug|x64
		{227D1326-63DD-46F6-9798-0B01C569BA1D}.Debug|x64.Build.0 = Debug|x64
		{227D1326-63DD-46F6-9798-0B01C569BA1D}.Debug|x86.ActiveCfg = Debug|Win32
		{227D1326-63DD-46F6-9798-0B01C569BA1D}.Debug|x86.Build.0 = Debug|Win32
		{227D1326-63DD-46F6-9798-0B01C569BA1D}.Release|x64.ActiveCfg = Release|x64
		{227D1326-63DD-46F6-9798-0B01C569BA1D}.Release|x64.Build.0 = Release|x64
		{227D1326-63DD-46F6-9798-0B01C569BA1D}.Release|x86.ActiveCfg = Release|Win32
		{227D1326-63DD-46F6-9798-0B01C569BA1D}.Release|x86.Build.0 = Release|Win32
		{B29678E1-64C7-4511-8010-F494E131E019}.Debug|x64.ActiveCfg = Debug|x64
		{B29678E1-64C7-4511-8010-F494E131E019}.Debug|x64.Build.0 = Debug|x64
		{B29678E1-64C7-4511-8010-F494E131E019}.Debug|x86.ActiveCfg = Debug|Win32
		{B29678E1-64C7-4511-8010-F494E131E019}.Debug|x86.Build.0 = Debug|Win32
		{B29678E1-64C7-4511-8010-F494E131E019}.Release|x64.ActiveCfg = Release|x64
		{B29678E1-64C7-4511-8010-F494E131E019}.Release|x64.Build.0 = Release|x64
		{B29678E1-64C7-4511-8010-F494E131E019}.Release|x86.ActiveCfg = Release|Win32
		{B29678E1-64C7-4511-8010-F494E131E019}.Release|x86.Build.0 = Release|Win32
		{92156EA2-187B-4BA3-A346-A75AF1C345EF}.Debug|x64.ActiveCfg = Debug|x64
		{92156EA2-187B-4BA3-A346-A75AF1C345EF}.Debug|x64.Build.0 = Debug|x64
		{92156EA2-187B-4BA3-A346-A75AF1C345EF}.Debug|x86.ActiveCfg = Debug|Win32
		{92156EA2-187B-4BA3-A346-A75AF1C345EF}.Debug|x86.Build.0 = Debug|Win32
		{92156EA2-187B-4BA3-A346-A75AF1C345EF}.Release|x64.ActiveCfg = Release|x64
		{92156EA2-187B-4BA3-A346-A75AF1C345EF}.Release|x64.Build.0 = Release|x64
		{92156EA2-187B-4BA3-A346-A75AF1C345EF}.Release|x86.ActiveCfg = Release|Win32
		{92156EA2-187B-4BA3-A346-A75AF1C345EF}.Release|x86.Build.0 = Release|Win32
		{DE255A13-0983-4577-8FB0-2B0E9CE84DD0}.Debug|x64.ActiveCfg = Debug|x64
		{DE255A13-0983-4577-8FB0-2B0E9CE84DD0}.Debug|x64.Build.0 = Debug|x64
		{DE255A13-0983-4577-8FB0-2B0E9CE84DD0}.Debug|x86.ActiveCfg = Debug|Win32
		{DE255A13-0983-4577-8FB0-2B0E9CE84DD0}.Debug|x86.Build.0 = Debug|Win32
		{DE255A13-0983-4577-8FB0-2B0E9CE84DD0}.Release|x64.ActiveCfg = Release|x64
		{DE255A13-0983-4577-8FB0-2B0E9CE84DD0}.Release|x64.Build.0 = Release|x64
		{DE255A13-0983-4577-8FB0-2B0E9CE84DD0}.Release|x86.ActiveCfg = Release|Win32
		{DE255A13-0983-4577-8FB0-2B0E9CE84DD0}.Release|x86.Build.0 = Release|Win32
		{C8C68885-A205-49F3-8818-C649EF6E09F5}.Debug|x64.ActiveCfg = Debug|x64
		{C8C68885-A205-49F3-8818-C649EF6E09F5}.Debug|x64.Build.0 = Debug|x64
		{C8C68885-A205-49F3-8818-C649EF6E09F5}.Debug|x86.ActiveCfg = Debug|Win32
		{C8C68885-A205-49F3-8818-C649EF6E09F5}.Debug|x86.Build.0 = Debug|Win32
		{C8C68885-A205-49F3-8818-C649EF6E09F5}.Release|x64.ActiveCfg = Release|x64
		{C8C68885-A205-49F3-8818-C649EF6E09F5}.Release|x64.Build.0 = Release|x64
		{C8C68885-A205-49F3-8818-C649EF6E09F5}.Release|x86.ActiveCfg = Release|Win32
		{C8C68885-A205-49F3-8818-C649EF6E09F5}.Release|x86.Build.0 = Release|Win32
		{F957C28E-5576-4993-A3A2-E13547F7004C}.Debug|x64.ActiveCfg = Debug|x64
		{F957C28E-5576-4993-A3A2-E13547F7004C}.Debug|x64.Build.0 = Debug|x64
		{F957C28E-5576-4993-A3A2-E13547F7004C}.Debug|x86.ActiveCfg = Debug|Win32
		{F957C28E-5576-4993-A3A2-E13547F7004C}.Debug|x86.Build.0 = Debug|Win32
		{F957C28E-5576-4993-A3A2-E13547F7004C}.Release|x64.ActiveCfg = Release|x64
		{F957C28E-5576-4993-A3A2-E13547F7004C}.Release|x64.Build.0 = Release|x64
		{F957C28E-5576-4993-A3A2-E13547F7004C}.Release|x86.ActiveCfg = Release|Win32
		{F957C28E-5576-4993-A3A2-E13547F7004C}.Release|x86.Build.0 = Release|Win32
		{A068A85B-6AC1-415C-834D-8B7861476D11}.Debug|x64.ActiveCfg = Debug|x64
		{A068A85B-6AC1-415C-834D-8B7861476D11}.Debug|x64.Build.0 = Debug|x64
		{A068A85B-6AC1-415C-834D-8B7861476D11}.Debug|x86.ActiveCfg = Debug|Win32
		{A068A85B-6AC1-415C-834D-8B7861476D11}.Debug|x86.Build.0 = Debug|Win32
		{A068A85B-6AC1-415C-834D-8B7861476D11}.Release|x64.ActiveCfg = Release|x64
		{A068A85B-6AC1-415C-834D-8B7861476D11}.Release|x64.Build.0 = Release|x64
		{A068A85B-6AC1-415C-834D-8B7861476D11}.Release|x86.ActiveCfg = Release|Win32
		{A068A85B-6AC1-415C-834D-8B7861476D11}.Release|x86.Build.0 = Release|Win32
		{04DFB5E6-F383-4CFD-9163-3AA43F45A1C8}.Debug|x64.ActiveCfg = Debug|x64
		{04DFB5E6-F383-4CFD-9163-3AA43F45A1C8}.Debug|x64.Build.0 = Debug|x64
		{04DFB5E6-F383-4CFD-9163-3AA43F45A1C8}.Debug|x86.ActiveCfg = Debug|Win32
		{04DFB5E6-F383-4CFD-9163-3AA43F45A1C8}.Debug|x86.Build.0 = Debug|Win32
		{04DFB5E6-F383-4CFD-9163-3AA43F45A1C8}.Release|x64.ActiveCfg = Release|x64
		{04DFB5E6-F383-4CFD-9163-3AA43F45A1C8}.Release|x64.Build.0 = Release|x64
		{04DFB5E6-F383-4CFD-9163-3AA43F45A1C8}.Release|x86.ActiveCfg = Release|Win32
		{04DFB5E6-F383-4CFD-9163-3AA43F45A1C8}.Release|x86.Build.0 = Release|Win32
		{C5A32C11-AD1A-4F03-B80A-F5827875ACEF}.Debug|x64.ActiveCfg = Debug|x64
		{C5A32C11-AD1A-4F03-B80A-F5827875ACEF}.Debug|x64.Build.0 = Debug|x64
		{C5A32C11-AD1A-4F03-B80A-F5827875ACEF}.Debug|x86.ActiveCfg = Debug|Win32
		{C5A32C11-AD1A-4F03-B80A-F5827875ACEF}.Debug|x86.Build.0 = Debug|Win32
		{C5A32C11-AD1A-4F03-B80A-F5827875ACEF}.Release|x64.ActiveCfg = Release|x64
		{C5A32C11-AD1A-4F03-B80A-F5827875ACEF}.Release|x64.Build.0 = Release|x64
		{C5A32C11-AD1A-4F03-B80A-F5827875ACEF}.Release|x86.ActiveCfg = Release|Win32
		{C5A32C11-AD1A-4F03-B80A-F5827875ACEF}.Release|x86.Build.0 = Release|Win32
		{25A042FE-234B-4490-B0BE-F41C72F6C8C6}.Debug|x64.ActiveCfg = Debug|x64
		{25A042FE-234B-4490-B0BE-F41C72F6C8C6}.Debug|x64.Build.0 = Debug|x64
		{25A042FE-234B-4490-B0BE-F41C72F6C8C6}.Debug|x86.ActiveCfg = Debug|Win32
		{25A042FE-234B-4490-B0BE-F41C72F6C8C6}.Debug|x86.Build.0 = Debug|Win32
		{25A042FE-234B-4490-B0BE-F41C72F6C8C6}.Release|x64.ActiveCfg = Release|x64
		{25A042FE-234B-4490-B0BE-F41C72F6C8C6}.Release|x64.Build.0 = Release|x64
		{25A042FE-234B-4490-B0BE-F41C72F6C8C6}.Release|x86.ActiveCfg = Release|Win32
		{25A042FE-234B-4490-B0BE-F41C72F6C8C6}.Release|x86.Build.0 = Release|Win32
		{A4F3C8FB-CBBC-4E57-B776-A26A1FA55170}.Debug|x64.ActiveCfg = Debug|x64
		{A4F3C8FB-CBBC-4E57-B776-A26A1FA55170}.Debug|x64.Build.0 = Debug|x64
		{A4F3C8FB-CBBC-4E57-B776-A26A1FA55170}.Debug|x86.ActiveCfg = Debug|Win32
		{A4F3C8FB-CBBC-4E57-B776-A26A1FA55170}.Debug|x86.Build.0 = Debug|Win32
		{A4F3C8FB-CBBC-4E57-B776-A26A1FA55170}.Release|x64.ActiveCfg = Release|x64
		{A4F3C8FB-CBBC-4E57-B776-A26A1FA55170}.Release|x64.Build.0 = Release|x64
		{A4F3C8FB-CBBC-4E57-B776-A26A1FA55170}.Release|x86.ActiveCfg = Release|Win32
		{A4F3C8FB-CBBC-4E57-B776-A26A1FA55170}.Release|x86.Build.0 = Release|Win32
		{2F60A92A-0C31-4EC0-A61F-86F0350B4B6B}.Debug|x64.ActiveCfg = Debug|x64
		{2F60A92A-0C31-4EC0-A61F-86F0350B4B6B}.Debug|x64.Build.0 = Debug|x64
		{2F60A92A-0C31-4EC0-A61F-86F0350B4B6B}.Debug|x86.ActiveCfg = Debug|Win32
		{2F60A92A-0C31-4EC0-A61F-86F0350B4B6B}.Debug|x86.Build.0 = Debug|Win32
		{2F60A92A-0C31-4EC0-A61F-86F0350B4B6B}.Release|x64.ActiveCfg = Release|x64
		{2F60A92A-0C31-4EC0-A61F-86F0350B4B6B}.Release|x64.Build.0 = Release|x64
		{2F60A92A-0C31-4EC0-A61F-86F0350B4B6B}.Release|x86.ActiveCfg = Release|Win32
		{2F60A92A-0C31-4EC0-A61F-86F0350B4B6B}.Release|x86.Build.0 = Release|Win32
		{56274BCE-626A-461F-BB95-6F30F267F068}.Debug|x64.ActiveCfg = Debug|x64
		{56274BCE-626A-461F-BB95-6F30F267F068}.Debug|x64.Build.0 = Debug|x64
		{56274BCE-626A-461F-BB95-6F30F267F068}.Debug|x86.ActiveCfg = Debug|Win32
		{56274BCE-626A-461F-BB95-6F30F267F068}.Debug|x86.Build.0 = Debug|Win32
		{56274BCE-626A-461F-BB95-6F30F267F068}.Release|x64.ActiveCfg = Release|x64
		{56274BCE-626A-461F-BB95-6F30F267F068}.Release|x64.Build.0 = Release|x64
		{56274BCE-626A-461F-BB95-6F30F267F068}.Release|x86.ActiveCfg = Release|Win32
		{56274BCE-626A-461F-BB95-6F30F267F068}.Release|x86.Build.0 = Release|Win32
		{2CAF8758-EF31-4C7F-9FE7-94DD2D722EBA}.Debug|x64.ActiveCfg = Debug|x64
		{2CAF8758-EF31-4C7F-9FE7-94DD2D722EBA}.Debug|x64.Build.0 = Debug|x64
		{2CAF8758-EF31-4C7F-9FE7-94DD2D722EBA}.Debug|x86.ActiveCfg = Debug|Win32
		{2CAF8758-EF31-4C7F-9FE7-94DD2D722EBA}.Debug|x86.Build.0 = Debug|Win32
		{2CAF8758-EF31-4C7F-9FE7-94DD2D722EBA}.Release|x64.ActiveCfg = Release|x64
		{2CAF8758-EF31-4C7F-9FE7-94DD2D722EBA}.Release|x64.Build.0 = Release|x64
		{2CAF8758-EF31-4C7F-9FE7-94DD2D722EBA}.Release|x86.ActiveCfg = Release|Win32
		{2CAF8758-EF31-4C7F-9FE7-94DD2D722EBA}.Release|x86.Build.0 = Release|Win32
		{93C0276B-734E-4561-8FA4-0E5674FEE197}.Debug|x64.ActiveCfg = Debug|x64
		{93C0276B-734E-4561-8FA4-0E5674FEE197}.Debug|x64.Build.0 = Debug|x64
		{93C0276B-734E-4561-8FA4-0E5674FEE197}.Debug|x86.ActiveCfg = Debug|Win32
		{93C0276B-734E-4561-8FA4-0E5674FEE197}.Debug|x86.Build.0 = Debug|Win32
		{93C0276B-734E-4561-8FA4-0E5674FEE197}.Release|x64.ActiveCfg = Release|x64
		{93C0276B-734E-4561-8FA4-0E5674FEE197}.Release|x64.Build.0 = Release|x64
		{93C0276B-734E-4561-8FA4-0E5674FEE197}.Release|x86.ActiveCfg = Release|Win32
		{93C0276B-734E-4561-8FA4-0E5674FEE197}.Release|x86.Build.0 = Release|Win32
		{35EBEA38-1EE9-4870-916E-0A2F25CAD3A4}.Debug|x64.ActiveCfg = Debug|x64
		{35EBEA38-1EE9-4870-916E-0A2F25CAD3A4}.Debug|x64.Build.0 = Debug|x64
		{35EBEA38-1EE9-4870-916E-0A2F25CAD3A4}.Debug|x86.ActiveCfg = Debug|Win32
		{35EBEA38-1EE9-4870-916E-0A2F25CAD3A4}.Debug|x86.Build.0 = Debug|Win32
		{35EBEA38-1EE9-4870-916E-0A2F25CAD3A4}.Release|x64.ActiveCfg = Release|x64
		{35EBEA38-1EE9-4870-916E-0A2F25CAD3A4}.Release|x64.Build.0 = Release|x64
		{35EBEA38-1EE9-4870-916E-0A2F25CAD3A4}.Release|x86.ActiveCfg = Release|Win32
		{35EBEA38-1EE9-4870-916E-0A2F25CAD3A4}.Release|x86.Build.0 = Release|Win32
	EndGlobalSection
	GlobalSection(SolutionProperties) = preSolution
		HideSolutionNode = FALSE
	EndGlobalSection
	GlobalSection(ExtensibilityGlobals) = postSolution
		SolutionGuid = {8F359775-D594-42F9-A2C3-8DBA643C0A62}
	EndGlobalSection
EndGlobal
